// !$*UTF8*$!
{
	archiveVersion = 1;
	classes = {
	};
	objectVersion = 46;
	objects = {

/* Begin PBXBuildFile section */
		997DA8911DC8A8710056A0C5 /* main.m in Sources */ = {isa = PBXBuildFile; fileRef = 997DA8901DC8A8710056A0C5 /* main.m */; };
		997DA8941DC8A8710056A0C5 /* AppDelegate.m in Sources */ = {isa = PBXBuildFile; fileRef = 997DA8931DC8A8710056A0C5 /* AppDelegate.m */; };
		997DA8971DC8A8710056A0C5 /* ViewController.m in Sources */ = {isa = PBXBuildFile; fileRef = 997DA8961DC8A8710056A0C5 /* ViewController.m */; };
		997DA89A1DC8A8710056A0C5 /* Main.storyboard in Resources */ = {isa = PBXBuildFile; fileRef = 997DA8981DC8A8710056A0C5 /* Main.storyboard */; };
		997DA89C1DC8A8710056A0C5 /* Assets.xcassets in Resources */ = {isa = PBXBuildFile; fileRef = 997DA89B1DC8A8710056A0C5 /* Assets.xcassets */; };
		997DA89F1DC8A8710056A0C5 /* LaunchScreen.storyboard in Resources */ = {isa = PBXBuildFile; fileRef = 997DA89D1DC8A8710056A0C5 /* LaunchScreen.storyboard */; };
		997DA8AA1DC8A8710056A0C5 /* GitTest2Tests.m in Sources */ = {isa = PBXBuildFile; fileRef = 997DA8A91DC8A8710056A0C5 /* GitTest2Tests.m */; };
		997DA8B51DC8A8710056A0C5 /* GitTest2UITests.m in Sources */ = {isa = PBXBuildFile; fileRef = 997DA8B41DC8A8710056A0C5 /* GitTest2UITests.m */; };
/* End PBXBuildFile section */

/* Begin PBXContainerItemProxy section */
		997DA8A61DC8A8710056A0C5 /* PBXContainerItemProxy */ = {
			isa = PBXContainerItemProxy;
			containerPortal = 997DA8841DC8A8710056A0C5 /* Project object */;
			proxyType = 1;
			remoteGlobalIDString = 997DA88B1DC8A8710056A0C5;
			remoteInfo = GitTest2;
		};
		997DA8B11DC8A8710056A0C5 /* PBXContainerItemProxy */ = {
			isa = PBXContainerItemProxy;
			containerPortal = 997DA8841DC8A8710056A0C5 /* Project object */;
			proxyType = 1;
			remoteGlobalIDString = 997DA88B1DC8A8710056A0C5;
			remoteInfo = GitTest2;
		};
/* End PBXContainerItemProxy section */

/* Begin PBXFileReference section */
		997DA88C1DC8A8710056A0C5 /* GitTest2.app */ = {isa = PBXFileReference; explicitFileType = wrapper.application; includeInIndex = 0; path = GitTest2.app; sourceTree = BUILT_PRODUCTS_DIR; };
		997DA8901DC8A8710056A0C5 /* main.m */ = {isa = PBXFileReference; lastKnownFileType = sourcecode.c.objc; path = main.m; sourceTree = "<group>"; };
		997DA8921DC8A8710056A0C5 /* AppDelegate.h */ = {isa = PBXFileReference; lastKnownFileType = sourcecode.c.h; path = AppDelegate.h; sourceTree = "<group>"; };
		997DA8931DC8A8710056A0C5 /* AppDelegate.m */ = {isa = PBXFileReference; lastKnownFileType = sourcecode.c.objc; path = AppDelegate.m; sourceTree = "<group>"; };
		997DA8951DC8A8710056A0C5 /* ViewController.h */ = {isa = PBXFileReference; lastKnownFileType = sourcecode.c.h; path = ViewController.h; sourceTree = "<group>"; };
		997DA8961DC8A8710056A0C5 /* ViewController.m */ = {isa = PBXFileReference; lastKnownFileType = sourcecode.c.objc; path = ViewController.m; sourceTree = "<group>"; };
		997DA8991DC8A8710056A0C5 /* Base */ = {isa = PBXFileReference; lastKnownFileType = file.storyboard; name = Base; path = Base.lproj/Main.storyboard; sourceTree = "<group>"; };
		997DA89B1DC8A8710056A0C5 /* Assets.xcassets */ = {isa = PBXFileReference; lastKnownFileType = folder.assetcatalog; path = Assets.xcassets; sourceTree = "<group>"; };
		997DA89E1DC8A8710056A0C5 /* Base */ = {isa = PBXFileReference; lastKnownFileType = file.storyboard; name = Base; path = Base.lproj/LaunchScreen.storyboard; sourceTree = "<group>"; };
		997DA8A01DC8A8710056A0C5 /* Info.plist */ = {isa = PBXFileReference; lastKnownFileType = text.plist.xml; path = Info.plist; sourceTree = "<group>"; };
		997DA8A51DC8A8710056A0C5 /* GitTest2Tests.xctest */ = {isa = PBXFileReference; explicitFileType = wrapper.cfbundle; includeInIndex = 0; path = GitTest2Tests.xctest; sourceTree = BUILT_PRODUCTS_DIR; };
		997DA8A91DC8A8710056A0C5 /* GitTest2Tests.m */ = {isa = PBXFileReference; lastKnownFileType = sourcecode.c.objc; path = GitTest2Tests.m; sourceTree = "<group>"; };
		997DA8AB1DC8A8710056A0C5 /* Info.plist */ = {isa = PBXFileReference; lastKnownFileType = text.plist.xml; path = Info.plist; sourceTree = "<group>"; };
		997DA8B01DC8A8710056A0C5 /* GitTest2UITests.xctest */ = {isa = PBXFileReference; explicitFileType = wrapper.cfbundle; includeInIndex = 0; path = GitTest2UITests.xctest; sourceTree = BUILT_PRODUCTS_DIR; };
		997DA8B41DC8A8710056A0C5 /* GitTest2UITests.m */ = {isa = PBXFileReference; lastKnownFileType = sourcecode.c.objc; path = GitTest2UITests.m; sourceTree = "<group>"; };
		997DA8B61DC8A8710056A0C5 /* Info.plist */ = {isa = PBXFileReference; lastKnownFileType = text.plist.xml; path = Info.plist; sourceTree = "<group>"; };
/* End PBXFileReference section */

/* Begin PBXFrameworksBuildPhase section */
		997DA8891DC8A8710056A0C5 /* Frameworks */ = {
			isa = PBXFrameworksBuildPhase;
			buildActionMask = 2147483647;
			files = (
			);
			runOnlyForDeploymentPostprocessing = 0;
		};
		997DA8A21DC8A8710056A0C5 /* Frameworks */ = {
			isa = PBXFrameworksBuildPhase;
			buildActionMask = 2147483647;
			files = (
			);
			runOnlyForDeploymentPostprocessing = 0;
		};
		997DA8AD1DC8A8710056A0C5 /* Frameworks */ = {
			isa = PBXFrameworksBuildPhase;
			buildActionMask = 2147483647;
			files = (
			);
			runOnlyForDeploymentPostprocessing = 0;
		};
/* End PBXFrameworksBuildPhase section */

/* Begin PBXGroup section */
		997DA8831DC8A8710056A0C5 = {
			isa = PBXGroup;
			children = (
				997DA88E1DC8A8710056A0C5 /* GitTest2 */,
				997DA8A81DC8A8710056A0C5 /* GitTest2Tests */,
				997DA8B31DC8A8710056A0C5 /* GitTest2UITests */,
				997DA88D1DC8A8710056A0C5 /* Products */,
			);
			sourceTree = "<group>";
		};
		997DA88D1DC8A8710056A0C5 /* Products */ = {
			isa = PBXGroup;
			children = (
				997DA88C1DC8A8710056A0C5 /* GitTest2.app */,
				997DA8A51DC8A8710056A0C5 /* GitTest2Tests.xctest */,
				997DA8B01DC8A8710056A0C5 /* GitTest2UITests.xctest */,
			);
			name = Products;
			sourceTree = "<group>";
		};
		997DA88E1DC8A8710056A0C5 /* GitTest2 */ = {
			isa = PBXGroup;
			children = (
				997DA8921DC8A8710056A0C5 /* AppDelegate.h */,
				997DA8931DC8A8710056A0C5 /* AppDelegate.m */,
				997DA8951DC8A8710056A0C5 /* ViewController.h */,
				997DA8961DC8A8710056A0C5 /* ViewController.m */,
				997DA8981DC8A8710056A0C5 /* Main.storyboard */,
				997DA89B1DC8A8710056A0C5 /* Assets.xcassets */,
				997DA89D1DC8A8710056A0C5 /* LaunchScreen.storyboard */,
				997DA8A01DC8A8710056A0C5 /* Info.plist */,
				997DA88F1DC8A8710056A0C5 /* Supporting Files */,
			);
			path = GitTest2;
			sourceTree = "<group>";
		};
		997DA88F1DC8A8710056A0C5 /* Supporting Files */ = {
			isa = PBXGroup;
			children = (
				997DA8901DC8A8710056A0C5 /* main.m */,
			);
			name = "Supporting Files";
			sourceTree = "<group>";
		};
		997DA8A81DC8A8710056A0C5 /* GitTest2Tests */ = {
			isa = PBXGroup;
			children = (
				997DA8A91DC8A8710056A0C5 /* GitTest2Tests.m */,
				997DA8AB1DC8A8710056A0C5 /* Info.plist */,
			);
			path = GitTest2Tests;
			sourceTree = "<group>";
		};
		997DA8B31DC8A8710056A0C5 /* GitTest2UITests */ = {
			isa = PBXGroup;
			children = (
				997DA8B41DC8A8710056A0C5 /* GitTest2UITests.m */,
				997DA8B61DC8A8710056A0C5 /* Info.plist */,
			);
			path = GitTest2UITests;
			sourceTree = "<group>";
		};
/* End PBXGroup section */

/* Begin PBXNativeTarget section */
		997DA88B1DC8A8710056A0C5 /* GitTest2 */ = {
			isa = PBXNativeTarget;
			buildConfigurationList = 997DA8B91DC8A8710056A0C5 /* Build configuration list for PBXNativeTarget "GitTest2" */;
			buildPhases = (
				997DA8881DC8A8710056A0C5 /* Sources */,
				997DA8891DC8A8710056A0C5 /* Frameworks */,
				997DA88A1DC8A8710056A0C5 /* Resources */,
			);
			buildRules = (
			);
			dependencies = (
			);
			name = GitTest2;
			productName = GitTest2;
			productReference = 997DA88C1DC8A8710056A0C5 /* GitTest2.app */;
			productType = "com.apple.product-type.application";
		};
		997DA8A41DC8A8710056A0C5 /* GitTest2Tests */ = {
			isa = PBXNativeTarget;
			buildConfigurationList = 997DA8BC1DC8A8710056A0C5 /* Build configuration list for PBXNativeTarget "GitTest2Tests" */;
			buildPhases = (
				997DA8A11DC8A8710056A0C5 /* Sources */,
				997DA8A21DC8A8710056A0C5 /* Frameworks */,
				997DA8A31DC8A8710056A0C5 /* Resources */,
			);
			buildRules = (
			);
			dependencies = (
				997DA8A71DC8A8710056A0C5 /* PBXTargetDependency */,
			);
			name = GitTest2Tests;
			productName = GitTest2Tests;
			productReference = 997DA8A51DC8A8710056A0C5 /* GitTest2Tests.xctest */;
			productType = "com.apple.product-type.bundle.unit-test";
		};
		997DA8AF1DC8A8710056A0C5 /* GitTest2UITests */ = {
			isa = PBXNativeTarget;
			buildConfigurationList = 997DA8BF1DC8A8710056A0C5 /* Build configuration list for PBXNativeTarget "GitTest2UITests" */;
			buildPhases = (
				997DA8AC1DC8A8710056A0C5 /* Sources */,
				997DA8AD1DC8A8710056A0C5 /* Frameworks */,
				997DA8AE1DC8A8710056A0C5 /* Resources */,
			);
			buildRules = (
			);
			dependencies = (
				997DA8B21DC8A8710056A0C5 /* PBXTargetDependency */,
			);
			name = GitTest2UITests;
			productName = GitTest2UITests;
			productReference = 997DA8B01DC8A8710056A0C5 /* GitTest2UITests.xctest */;
			productType = "com.apple.product-type.bundle.ui-testing";
		};
/* End PBXNativeTarget section */

/* Begin PBXProject section */
		997DA8841DC8A8710056A0C5 /* Project object */ = {
			isa = PBXProject;
			attributes = {
				LastUpgradeCheck = 0720;
				ORGANIZATIONNAME = "李自豪";
				TargetAttributes = {
					997DA88B1DC8A8710056A0C5 = {
						CreatedOnToolsVersion = 7.2.1;
						DevelopmentTeam = N64S25EDC3;
					};
					997DA8A41DC8A8710056A0C5 = {
						CreatedOnToolsVersion = 7.2.1;
						DevelopmentTeam = N64S25EDC3;
						TestTargetID = 997DA88B1DC8A8710056A0C5;
					};
					997DA8AF1DC8A8710056A0C5 = {
						CreatedOnToolsVersion = 7.2.1;
						DevelopmentTeam = N64S25EDC3;
						TestTargetID = 997DA88B1DC8A8710056A0C5;
					};
				};
			};
			buildConfigurationList = 997DA8871DC8A8710056A0C5 /* Build configuration list for PBXProject "GitTest2" */;
			compatibilityVersion = "Xcode 3.2";
			developmentRegion = English;
			hasScannedForEncodings = 0;
			knownRegions = (
				en,
				Base,
			);
			mainGroup = 997DA8831DC8A8710056A0C5;
			productRefGroup = 997DA88D1DC8A8710056A0C5 /* Products */;
			projectDirPath = "";
			projectRoot = "";
			targets = (
				997DA88B1DC8A8710056A0C5 /* GitTest2 */,
				997DA8A41DC8A8710056A0C5 /* GitTest2Tests */,
				997DA8AF1DC8A8710056A0C5 /* GitTest2UITests */,
			);
		};
/* End PBXProject section */

/* Begin PBXResourcesBuildPhase section */
		997DA88A1DC8A8710056A0C5 /* Resources */ = {
			isa = PBXResourcesBuildPhase;
			buildActionMask = 2147483647;
			files = (
				997DA89F1DC8A8710056A0C5 /* LaunchScreen.storyboard in Resources */,
				997DA89C1DC8A8710056A0C5 /* Assets.xcassets in Resources */,
				997DA89A1DC8A8710056A0C5 /* Main.storyboard in Resources */,
			);
			runOnlyForDeploymentPostprocessing = 0;
		};
		997DA8A31DC8A8710056A0C5 /* Resources */ = {
			isa = PBXResourcesBuildPhase;
			buildActionMask = 2147483647;
			files = (
			);
			runOnlyForDeploymentPostprocessing = 0;
		};
		997DA8AE1DC8A8710056A0C5 /* Resources */ = {
			isa = PBXResourcesBuildPhase;
			buildActionMask = 2147483647;
			files = (
			);
			runOnlyForDeploymentPostprocessing = 0;
		};
/* End PBXResourcesBuildPhase section */

/* Begin PBXSourcesBuildPhase section */
		997DA8881DC8A8710056A0C5 /* Sources */ = {
			isa = PBXSourcesBuildPhase;
			buildActionMask = 2147483647;
			files = (
				997DA8971DC8A8710056A0C5 /* ViewController.m in Sources */,
				997DA8941DC8A8710056A0C5 /* AppDelegate.m in Sources */,
				997DA8911DC8A8710056A0C5 /* main.m in Sources */,
			);
			runOnlyForDeploymentPostprocessing = 0;
		};
		997DA8A11DC8A8710056A0C5 /* Sources */ = {
			isa = PBXSourcesBuildPhase;
			buildActionMask = 2147483647;
			files = (
				997DA8AA1DC8A8710056A0C5 /* GitTest2Tests.m in Sources */,
			);
			runOnlyForDeploymentPostprocessing = 0;
		};
		997DA8AC1DC8A8710056A0C5 /* Sources */ = {
			isa = PBXSourcesBuildPhase;
			buildActionMask = 2147483647;
			files = (
				997DA8B51DC8A8710056A0C5 /* GitTest2UITests.m in Sources */,
			);
			runOnlyForDeploymentPostprocessing = 0;
		};
/* End PBXSourcesBuildPhase section */

/* Begin PBXTargetDependency section */
		997DA8A71DC8A8710056A0C5 /* PBXTargetDependency */ = {
			isa = PBXTargetDependency;
			target = 997DA88B1DC8A8710056A0C5 /* GitTest2 */;
			targetProxy = 997DA8A61DC8A8710056A0C5 /* PBXContainerItemProxy */;
		};
		997DA8B21DC8A8710056A0C5 /* PBXTargetDependency */ = {
			isa = PBXTargetDependency;
			target = 997DA88B1DC8A8710056A0C5 /* GitTest2 */;
			targetProxy = 997DA8B11DC8A8710056A0C5 /* PBXContainerItemProxy */;
		};
/* End PBXTargetDependency section */

/* Begin PBXVariantGroup section */
		997DA8981DC8A8710056A0C5 /* Main.storyboard */ = {
			isa = PBXVariantGroup;
			children = (
				997DA8991DC8A8710056A0C5 /* Base */,
			);
			name = Main.storyboard;
			sourceTree = "<group>";
		};
		997DA89D1DC8A8710056A0C5 /* LaunchScreen.storyboard */ = {
			isa = PBXVariantGroup;
			children = (
				997DA89E1DC8A8710056A0C5 /* Base */,
			);
			name = LaunchScreen.storyboard;
			sourceTree = "<group>";
		};
/* End PBXVariantGroup section */

/* Begin XCBuildConfiguration section */
		997DA8B71DC8A8710056A0C5 /* Debug */ = {
			isa = XCBuildConfiguration;
			buildSettings = {
				ALWAYS_SEARCH_USER_PATHS = NO;
				CLANG_CXX_LANGUAGE_STANDARD = "gnu++0x";
				CLANG_CXX_LIBRARY = "libc++";
				CLANG_ENABLE_MODULES = YES;
				CLANG_ENABLE_OBJC_ARC = YES;
				CLANG_WARN_BOOL_CONVERSION = YES;
				CLANG_WARN_CONSTANT_CONVERSION = YES;
				CLANG_WARN_DIRECT_OBJC_ISA_USAGE = YES_ERROR;
				CLANG_WARN_EMPTY_BODY = YES;
				CLANG_WARN_ENUM_CONVERSION = YES;
				CLANG_WARN_INT_CONVERSION = YES;
				CLANG_WARN_OBJC_ROOT_CLASS = YES_ERROR;
				CLANG_WARN_UNREACHABLE_CODE = YES;
				CLANG_WARN__DUPLICATE_METHOD_MATCH = YES;
				"CODE_SIGN_IDENTITY[sdk=iphoneos*]" = "iPhone Developer";
				COPY_PHASE_STRIP = NO;
				DEBUG_INFORMATION_FORMAT = dwarf;
				ENABLE_STRICT_OBJC_MSGSEND = YES;
				ENABLE_TESTABILITY = YES;
				GCC_C_LANGUAGE_STANDARD = gnu99;
				GCC_DYNAMIC_NO_PIC = NO;
				GCC_NO_COMMON_BLOCKS = YES;
				GCC_OPTIMIZATION_LEVEL = 0;
				GCC_PREPROCESSOR_DEFINITIONS = (
					"DEBUG=1",
					"$(inherited)",
				);
				GCC_WARN_64_TO_32_BIT_CONVERSION = YES;
				GCC_WARN_ABOUT_RETURN_TYPE = YES_ERROR;
				GCC_WARN_UNDECLARED_SELECTOR = YES;
				GCC_WARN_UNINITIALIZED_AUTOS = YES_AGGRESSIVE;
				GCC_WARN_UNUSED_FUNCTION = YES;
				GCC_WARN_UNUSED_VARIABLE = YES;
				IPHONEOS_DEPLOYMENT_TARGET = 9.2;
				MTL_ENABLE_DEBUG_INFO = YES;
				ONLY_ACTIVE_ARCH = YES;
				SDKROOT = iphoneos;
			};
			name = Debug;
		};
		997DA8B81DC8A8710056A0C5 /* Release */ = {
			isa = XCBuildConfiguration;
			buildSettings = {
				ALWAYS_SEARCH_USER_PATHS = NO;
				CLANG_CXX_LANGUAGE_STANDARD = "gnu++0x";
				CLANG_CXX_LIBRARY = "libc++";
				CLANG_ENABLE_MODULES = YES;
				CLANG_ENABLE_OBJC_ARC = YES;
				CLANG_WARN_BOOL_CONVERSION = YES;
				CLANG_WARN_CONSTANT_CONVERSION = YES;
				CLANG_WARN_DIRECT_OBJC_ISA_USAGE = YES_ERROR;
				CLANG_WARN_EMPTY_BODY = YES;
				CLANG_WARN_ENUM_CONVERSION = YES;
				CLANG_WARN_INT_CONVERSION = YES;
				CLANG_WARN_OBJC_ROOT_CLASS = YES_ERROR;
				CLANG_WARN_UNREACHABLE_CODE = YES;
				CLANG_WARN__DUPLICATE_METHOD_MATCH = YES;
				"CODE_SIGN_IDENTITY[sdk=iphoneos*]" = "iPhone Developer";
				COPY_PHASE_STRIP = NO;
				DEBUG_INFORMATION_FORMAT = "dwarf-with-dsym";
				ENABLE_NS_ASSERTIONS = NO;
				ENABLE_STRICT_OBJC_MSGSEND = YES;
				GCC_C_LANGUAGE_STANDARD = gnu99;
				GCC_NO_COMMON_BLOCKS = YES;
				GCC_WARN_64_TO_32_BIT_CONVERSION = YES;
				GCC_WARN_ABOUT_RETURN_TYPE = YES_ERROR;
				GCC_WARN_UNDECLARED_SELECTOR = YES;
				GCC_WARN_UNINITIALIZED_AUTOS = YES_AGGRESSIVE;
				GCC_WARN_UNUSED_FUNCTION = YES;
				GCC_WARN_UNUSED_VARIABLE = YES;
				IPHONEOS_DEPLOYMENT_TARGET = 9.2;
				MTL_ENABLE_DEBUG_INFO = NO;
				SDKROOT = iphoneos;
				VALIDATE_PRODUCT = YES;
			};
			name = Release;
		};
		997DA8BA1DC8A8710056A0C5 /* Debug */ = {
			isa = XCBuildConfiguration;
			buildSettings = {
				ASSETCATALOG_COMPILER_APPICON_NAME = AppIcon;
				INFOPLIST_FILE = GitTest2/Info.plist;
				LD_RUNPATH_SEARCH_PATHS = "$(inherited) @executable_path/Frameworks";
				PRODUCT_BUNDLE_IDENTIFIER = lzh.GitTest2;
				PRODUCT_NAME = "$(TARGET_NAME)";
			};
			name = Debug;
		};
		997DA8BB1DC8A8710056A0C5 /* Release */ = {
			isa = XCBuildConfiguration;
			buildSettings = {
				ASSETCATALOG_COMPILER_APPICON_NAME = AppIcon;
				INFOPLIST_FILE = GitTest2/Info.plist;
				LD_RUNPATH_SEARCH_PATHS = "$(inherited) @executable_path/Frameworks";
				PRODUCT_BUNDLE_IDENTIFIER = lzh.GitTest2;
				PRODUCT_NAME = "$(TARGET_NAME)";
			};
			name = Release;
		};
		997DA8BD1DC8A8710056A0C5 /* Debug */ = {
			isa = XCBuildConfiguration;
			buildSettings = {
				BUNDLE_LOADER = "$(TEST_HOST)";
				INFOPLIST_FILE = GitTest2Tests/Info.plist;
				LD_RUNPATH_SEARCH_PATHS = "$(inherited) @executable_path/Frameworks @loader_path/Frameworks";
				PRODUCT_BUNDLE_IDENTIFIER = lzh.GitTest2Tests;
				PRODUCT_NAME = "$(TARGET_NAME)";
				TEST_HOST = "$(BUILT_PRODUCTS_DIR)/GitTest2.app/GitTest2";
			};
			name = Debug;
		};
		997DA8BE1DC8A8710056A0C5 /* Release */ = {
			isa = XCBuildConfiguration;
			buildSettings = {
				BUNDLE_LOADER = "$(TEST_HOST)";
				INFOPLIST_FILE = GitTest2Tests/Info.plist;
				LD_RUNPATH_SEARCH_PATHS = "$(inherited) @executable_path/Frameworks @loader_path/Frameworks";
				PRODUCT_BUNDLE_IDENTIFIER = lzh.GitTest2Tests;
				PRODUCT_NAME = "$(TARGET_NAME)";
				TEST_HOST = "$(BUILT_PRODUCTS_DIR)/GitTest2.app/GitTest2";
			};
			name = Release;
		};
		997DA8C01DC8A8710056A0C5 /* Debug */ = {
			isa = XCBuildConfiguration;
			buildSettings = {
				INFOPLIST_FILE = GitTest2UITests/Info.plist;
				LD_RUNPATH_SEARCH_PATHS = "$(inherited) @executable_path/Frameworks @loader_path/Frameworks";
				PRODUCT_BUNDLE_IDENTIFIER = lzh.GitTest2UITests;
				PRODUCT_NAME = "$(TARGET_NAME)";
				TEST_TARGET_NAME = GitTest2;
				USES_XCTRUNNER = YES;
			};
			name = Debug;
		};
		997DA8C11DC8A8710056A0C5 /* Release */ = {
			isa = XCBuildConfiguration;
			buildSettings = {
				INFOPLIST_FILE = GitTest2UITests/Info.plist;
				LD_RUNPATH_SEARCH_PATHS = "$(inherited) @executable_path/Frameworks @loader_path/Frameworks";
				PRODUCT_BUNDLE_IDENTIFIER = lzh.GitTest2UITests;
				PRODUCT_NAME = "$(TARGET_NAME)";
				TEST_TARGET_NAME = GitTest2;
				USES_XCTRUNNER = YES;
			};
			name = Release;
		};
/* End XCBuildConfiguration section */

/* Begin XCConfigurationList section */
		997DA8871DC8A8710056A0C5 /* Build configuration list for PBXProject "GitTest2" */ = {
			isa = XCConfigurationList;
			buildConfigurations = (
				997DA8B71DC8A8710056A0C5 /* Debug */,
				997DA8B81DC8A8710056A0C5 /* Release */,
			);
			defaultConfigurationIsVisible = 0;
			defaultConfigurationName = Release;
		};
		997DA8B91DC8A8710056A0C5 /* Build configuration list for PBXNativeTarget "GitTest2" */ = {
			isa = XCConfigurationList;
			buildConfigurations = (
				997DA8BA1DC8A8710056A0C5 /* Debug */,
				997DA8BB1DC8A8710056A0C5 /* Release */,
			);
			defaultConfigurationIsVisible = 0;
		};
		997DA8BC1DC8A8710056A0C5 /* Build configuration list for PBXNativeTarget "GitTest2Tests" */ = {
			isa = XCConfigurationList;
			buildConfigurations = (
				997DA8BD1DC8A8710056A0C5 /* Debug */,
				997DA8BE1DC8A8710056A0C5 /* Release */,
			);
			defaultConfigurationIsVisible = 0;
		};
		997DA8BF1DC8A8710056A0C5 /* Build configuration list for PBXNativeTarget "GitTest2UITests" */ = {
			isa = XCConfigurationList;
			buildConfigurations = (
				997DA8C01DC8A8710056A0C5 /* Debug */,
				997DA8C11DC8A8710056A0C5 /* Release */,
			);
			defaultConfigurationIsVisible = 0;
		};
/* End XCConfigurationList section */
	};
	rootObject = 997DA8841DC8A8710056A0C5 /* Project object */;
}
